{
  "name": "ui-lib",
  "version": "0.0.1",
  "lockfileVersion": 1,
  "requires": true,
  "dependencies": {
    "@ng-select/ng-select": {
      "version": "6.1.0",
      "resolved": "https://registry.npmjs.org/@ng-select/ng-select/-/ng-select-6.1.0.tgz",
      "integrity": "sha512-uro/zIjL+TRWzbrzNN9IjIusOeLfhCn9cIr5Bq3AsJyxyU7Gdj9kOD5wVrrQ0NVkaQ1BJMcWmUvmYGBXLI6cnA==",
      "requires": {
        "tslib": "^2.0.0"
      },
      "dependencies": {
        "tslib": {
          "version": "2.2.0",
          "resolved": "https://registry.npmjs.org/tslib/-/tslib-2.2.0.tgz",
          "integrity": "sha512-gS9GVHRU+RGn5KQM2rllAlR3dU6m7AcpJKdtH8gFvQiC4Otgk98XnmMU+nZenHt/+VhnBPWwgrJsyrdcw6i23w=="
        }
      }
    }
  }
}
